
Microsoft Visual Studio Solution File, Format Version 12.00
# Visual Studio Version 17
VisualStudioVersion = 17.14.36511.14
MinimumVisualStudioVersion = 10.0.40219.1
Project("{FAE04EC0-301F-11D3-BF4B-00C04F79EFBC}") = "KnowledgeSpace.BackendServer", "src\KnowledgeSpace.BackendServer\KnowledgeSpace.BackendServer.csproj", "{9A4E6998-40F4-45EF-8484-B67C4651475F}"
EndProject
Project("{FAE04EC0-301F-11D3-BF4B-00C04F79EFBC}") = "KnowledgeSpace.WebPortal", "src\KnowledgeSpace.WebPortal\KnowledgeSpace.WebPortal.csproj", "{9BCCC42D-D18B-43FA-8A41-1F42257042AD}"
EndProject
Project("{FAE04EC0-301F-11D3-BF4B-00C04F79EFBC}") = "KnowledgeSpace.ViewModels", "src\KnowledgeSpace.ViewModels\KnowledgeSpace.ViewModels.csproj", "{791A5BE0-7F1C-4440-B91C-749DBF18A0B2}"
EndProject
Project("{2150E333-8FDC-42A3-9474-1A3956D46DE8}") = "Solution Items", "Solution Items", "{8EC462FD-D22E-90A8-E5CE-7E832BA40C5D}"
	ProjectSection(SolutionItems) = preProject
		README.md = README.md
	EndProjectSection
EndProject
Project("{2150E333-8FDC-42A3-9474-1A3956D46DE8}") = "Tests", "Tests", "{02EA681E-C7D8-13C7-8484-4AC65E1B71E8}"
EndProject
Project("{FAE04EC0-301F-11D3-BF4B-00C04F79EFBC}") = "KnowledgeSpace.BackendServer.UnitTest", "test\KnowledgeSpace.BackendServer.UnitTest\KnowledgeSpace.BackendServer.UnitTest.csproj", "{B0A33A41-8F2B-4516-B76D-6E597807DE49}"
EndProject
Global
	GlobalSection(SolutionConfigurationPlatforms) = preSolution
		Debug|Any CPU = Debug|Any CPU
		Release|Any CPU = Release|Any CPU
	EndGlobalSection
	GlobalSection(ProjectConfigurationPlatforms) = postSolution
		{9A4E6998-40F4-45EF-8484-B67C4651475F}.Debug|Any CPU.ActiveCfg = Debug|Any CPU
		{9A4E6998-40F4-45EF-8484-B67C4651475F}.Debug|Any CPU.Build.0 = Debug|Any CPU
		{9A4E6998-40F4-45EF-8484-B67C4651475F}.Release|Any CPU.ActiveCfg = Release|Any CPU
		{9A4E6998-40F4-45EF-8484-B67C4651475F}.Release|Any CPU.Build.0 = Release|Any CPU
		{9BCCC42D-D18B-43FA-8A41-1F42257042AD}.Debug|Any CPU.ActiveCfg = Debug|Any CPU
		{9BCCC42D-D18B-43FA-8A41-1F42257042AD}.Debug|Any CPU.Build.0 = Debug|Any CPU
		{9BCCC42D-D18B-43FA-8A41-1F42257042AD}.Release|Any CPU.ActiveCfg = Release|Any CPU
		{9BCCC42D-D18B-43FA-8A41-1F42257042AD}.Release|Any CPU.Build.0 = Release|Any CPU
		{791A5BE0-7F1C-4440-B91C-749DBF18A0B2}.Debug|Any CPU.ActiveCfg = Debug|Any CPU
		{791A5BE0-7F1C-4440-B91C-749DBF18A0B2}.Debug|Any CPU.Build.0 = Debug|Any CPU
		{791A5BE0-7F1C-4440-B91C-749DBF18A0B2}.Release|Any CPU.ActiveCfg = Release|Any CPU
		{791A5BE0-7F1C-4440-B91C-749DBF18A0B2}.Release|Any CPU.Build.0 = Release|Any CPU
		{B0A33A41-8F2B-4516-B76D-6E597807DE49}.Debug|Any CPU.ActiveCfg = Debug|Any CPU
		{B0A33A41-8F2B-4516-B76D-6E597807DE49}.Debug|Any CPU.Build.0 = Debug|Any CPU
		{B0A33A41-8F2B-4516-B76D-6E597807DE49}.Release|Any CPU.ActiveCfg = Release|Any CPU
		{B0A33A41-8F2B-4516-B76D-6E597807DE49}.Release|Any CPU.Build.0 = Release|Any CPU
	EndGlobalSection
	GlobalSection(SolutionProperties) = preSolution
		HideSolutionNode = FALSE
	EndGlobalSection
	GlobalSection(NestedProjects) = preSolution
		{B0A33A41-8F2B-4516-B76D-6E597807DE49} = {02EA681E-C7D8-13C7-8484-4AC65E1B71E8}
	EndGlobalSection
	GlobalSection(ExtensibilityGlobals) = postSolution
		SolutionGuid = {E4D465CF-0613-4FF1-A583-A54FFC19800D}
	EndGlobalSection
EndGlobal
